
Microsoft Visual Studio Solution File, Format Version 12.00
# Visual Studio Version 17
VisualStudioVersion = 17.13.35919.96 d17.13
MinimumVisualStudioVersion = 10.0.40219.1
Project("{FAE04EC0-301F-11D3-BF4B-00C04F79EFBC}") = "01-SortNumber", "01-SortNumber\01-SortNumber.csproj", "{4BE7610D-B695-4634-9A3D-00BF923A65BD}"
EndProject
Global
	GlobalSection(SolutionConfigurationPlatforms) = preSolution
		Debug|Any CPU = Debug|Any CPU
		Release|Any CPU = Release|Any CPU
	EndGlobalSection
	GlobalSection(ProjectConfigurationPlatforms) = postSolution
		{4BE7610D-B695-4634-9A3D-00BF923A65BD}.Debug|Any CPU.ActiveCfg = Debug|Any CPU
		{4BE7610D-B695-4634-9A3D-00BF923A65BD}.Debug|Any CPU.Build.0 = Debug|Any CPU
		{4BE7610D-B695-4634-9A3D-00BF923A65BD}.Release|Any CPU.ActiveCfg = Release|Any CPU
		{4BE7610D-B695-4634-9A3D-00BF923A65BD}.Release|Any CPU.Build.0 = Release|Any CPU
	EndGlobalSection
	GlobalSection(SolutionProperties) = preSolution
		HideSolutionNode = FALSE
	EndGlobalSection
	GlobalSection(ExtensibilityGlobals) = postSolution
		SolutionGuid = {E3A15907-1E97-4EFE-ADDD-5F0B770C3470}
	EndGlobalSection
EndGlobal
